
Microsoft Visual Studio Solution File, Format Version 12.00
# Visual Studio Version 17
VisualStudioVersion = 17.0.32014.148
MinimumVisualStudioVersion = 10.0.40219.1
Project("{9A19103F-16F7-4668-BE54-9A1E7A4F7556}") = "PXLed", "PXLed\PXLed.csproj", "{22E445E2-B12A-40B9-88E8-6AB923AB538B}"
EndProject
Project("{FAE04EC0-301F-11D3-BF4B-00C04F79EFBC}") = "PXLed.Effects.Default", "PXLed.Effects.Default\PXLed.Effects.Default.csproj", "{D5781379-92EC-4E05-90C7-64E0F5FE9187}"
EndProject
Global
	GlobalSection(SolutionConfigurationPlatforms) = preSolution
		Debug|Any CPU = Debug|Any CPU
		Release|Any CPU = Release|Any CPU
	EndGlobalSection
	GlobalSection(ProjectConfigurationPlatforms) = postSolution
		{22E445E2-B12A-40B9-88E8-6AB923AB538B}.Debug|Any CPU.ActiveCfg = Debug|Any CPU
		{22E445E2-B12A-40B9-88E8-6AB923AB538B}.Debug|Any CPU.Build.0 = Debug|Any CPU
		{22E445E2-B12A-40B9-88E8-6AB923AB538B}.Release|Any CPU.ActiveCfg = Release|Any CPU
		{22E445E2-B12A-40B9-88E8-6AB923AB538B}.Release|Any CPU.Build.0 = Release|Any CPU
		{D5781379-92EC-4E05-90C7-64E0F5FE9187}.Debug|Any CPU.ActiveCfg = Debug|Any CPU
		{D5781379-92EC-4E05-90C7-64E0F5FE9187}.Debug|Any CPU.Build.0 = Debug|Any CPU
		{D5781379-92EC-4E05-90C7-64E0F5FE9187}.Release|Any CPU.ActiveCfg = Release|Any CPU
		{D5781379-92EC-4E05-90C7-64E0F5FE9187}.Release|Any CPU.Build.0 = Release|Any CPU
	EndGlobalSection
	GlobalSection(SolutionProperties) = preSolution
		HideSolutionNode = FALSE
	EndGlobalSection
	GlobalSection(ExtensibilityGlobals) = postSolution
		SolutionGuid = {490F5FCC-AE50-4806-BA8C-C3A5B028C303}
	EndGlobalSection
EndGlobal
